// !$*UTF8*$!
{
	archiveVersion = 1;
	classes = {
	};
	objectVersion = 46;
	objects = {

/* Begin PBXBuildFile section */
		758B554117CE4F9F00A0A9C8 /* UIKit.framework in Frameworks */ = {isa = PBXBuildFile; fileRef = 758B554017CE4F9F00A0A9C8 /* UIKit.framework */; };
		758B554317CE4F9F00A0A9C8 /* Foundation.framework in Frameworks */ = {isa = PBXBuildFile; fileRef = 758B554217CE4F9F00A0A9C8 /* Foundation.framework */; };
		758B554517CE4F9F00A0A9C8 /* CoreGraphics.framework in Frameworks */ = {isa = PBXBuildFile; fileRef = 758B554417CE4F9F00A0A9C8 /* CoreGraphics.framework */; };
		758B555A17CE4F9F00A0A9C8 /* ViewController.m in Sources */ = {isa = PBXBuildFile; fileRef = 758B555917CE4F9F00A0A9C8 /* ViewController.m */; };
		758B555D17CE4F9F00A0A9C8 /* ViewController.xib in Resources */ = {isa = PBXBuildFile; fileRef = 758B555B17CE4F9F00A0A9C8 /* ViewController.xib */; };
		758B556517CE593600A0A9C8 /* SpeedUpView.m in Sources */ = {isa = PBXBuildFile; fileRef = 758B556417CE593600A0A9C8 /* SpeedUpView.m */; };
		75C200FD17CE5FAC008D9E7D /* BaseView.m in Sources */ = {isa = PBXBuildFile; fileRef = 75C200FC17CE5FAC008D9E7D /* BaseView.m */; };
		75C2010117CE5FB7008D9E7D /* BaseController.m in Sources */ = {isa = PBXBuildFile; fileRef = 75C2010017CE5FB7008D9E7D /* BaseController.m */; };
		75C2010417CE5FC2008D9E7D /* ViewController.m in Sources */ = {isa = PBXBuildFile; fileRef = 75C2010317CE5FC2008D9E7D /* ViewController.m */; };
		AA1BCF4A17CE5C2100C9A3DE /* AppDelegate.m in Sources */ = {isa = PBXBuildFile; fileRef = AA1BCF4417CE5C2100C9A3DE /* AppDelegate.m */; };
		AA1BCF4B17CE5C2100C9A3DE /* Default-568h@2x.png in Resources */ = {isa = PBXBuildFile; fileRef = AA1BCF4517CE5C2100C9A3DE /* Default-568h@2x.png */; };
		AA1BCF4C17CE5C2100C9A3DE /* Default.png in Resources */ = {isa = PBXBuildFile; fileRef = AA1BCF4617CE5C2100C9A3DE /* Default.png */; };
		AA1BCF4D17CE5C2100C9A3DE /* Default@2x.png in Resources */ = {isa = PBXBuildFile; fileRef = AA1BCF4717CE5C2100C9A3DE /* Default@2x.png */; };
		AA1BCF4E17CE5C2100C9A3DE /* wypalacz_mordy-Info.plist in Resources */ = {isa = PBXBuildFile; fileRef = AA1BCF4817CE5C2100C9A3DE /* wypalacz_mordy-Info.plist */; };
		AA1BCF5317CE5E0800C9A3DE /* main.m in Sources */ = {isa = PBXBuildFile; fileRef = AA1BCF5217CE5E0800C9A3DE /* main.m */; };
/* End PBXBuildFile section */

/* Begin PBXFileReference section */
		758B553D17CE4F9F00A0A9C8 /* wypalacz_mordy.app */ = {isa = PBXFileReference; explicitFileType = wrapper.application; includeInIndex = 0; path = wypalacz_mordy.app; sourceTree = BUILT_PRODUCTS_DIR; };
		758B554017CE4F9F00A0A9C8 /* UIKit.framework */ = {isa = PBXFileReference; lastKnownFileType = wrapper.framework; name = UIKit.framework; path = System/Library/Frameworks/UIKit.framework; sourceTree = SDKROOT; };
		758B554217CE4F9F00A0A9C8 /* Foundation.framework */ = {isa = PBXFileReference; lastKnownFileType = wrapper.framework; name = Foundation.framework; path = System/Library/Frameworks/Foundation.framework; sourceTree = SDKROOT; };
		758B554417CE4F9F00A0A9C8 /* CoreGraphics.framework */ = {isa = PBXFileReference; lastKnownFileType = wrapper.framework; name = CoreGraphics.framework; path = System/Library/Frameworks/CoreGraphics.framework; sourceTree = SDKROOT; };
		758B555817CE4F9F00A0A9C8 /* ViewController.h */ = {isa = PBXFileReference; lastKnownFileType = sourcecode.c.h; path = ViewController.h; sourceTree = "<group>"; };
		758B555917CE4F9F00A0A9C8 /* ViewController.m */ = {isa = PBXFileReference; lastKnownFileType = sourcecode.c.objc; path = ViewController.m; sourceTree = "<group>"; };
		758B555C17CE4F9F00A0A9C8 /* en */ = {isa = PBXFileReference; lastKnownFileType = file.xib; name = en; path = en.lproj/ViewController.xib; sourceTree = "<group>"; };
		758B556317CE593600A0A9C8 /* SpeedUpView.h */ = {isa = PBXFileReference; fileEncoding = 4; lastKnownFileType = sourcecode.c.h; path = SpeedUpView.h; sourceTree = "<group>"; };
		758B556417CE593600A0A9C8 /* SpeedUpView.m */ = {isa = PBXFileReference; fileEncoding = 4; lastKnownFileType = sourcecode.c.objc; path = SpeedUpView.m; sourceTree = "<group>"; };
		75C200FB17CE5FAC008D9E7D /* BaseView.h */ = {isa = PBXFileReference; fileEncoding = 4; lastKnownFileType = sourcecode.c.h; path = BaseView.h; sourceTree = "<group>"; };
		75C200FC17CE5FAC008D9E7D /* BaseView.m */ = {isa = PBXFileReference; fileEncoding = 4; lastKnownFileType = sourcecode.c.objc; path = BaseView.m; sourceTree = "<group>"; };
		75C200FF17CE5FB7008D9E7D /* BaseController.h */ = {isa = PBXFileReference; fileEncoding = 4; lastKnownFileType = sourcecode.c.h; path = BaseController.h; sourceTree = "<group>"; };
		75C2010017CE5FB7008D9E7D /* BaseController.m */ = {isa = PBXFileReference; fileEncoding = 4; lastKnownFileType = sourcecode.c.objc; path = BaseController.m; sourceTree = "<group>"; };
		75C2010217CE5FC2008D9E7D /* ViewController.h */ = {isa = PBXFileReference; fileEncoding = 4; lastKnownFileType = sourcecode.c.h; name = ViewController.h; path = wypalacz_mordy/ViewController.h; sourceTree = SOURCE_ROOT; };
		75C2010317CE5FC2008D9E7D /* ViewController.m */ = {isa = PBXFileReference; fileEncoding = 4; lastKnownFileType = sourcecode.c.objc; name = ViewController.m; path = wypalacz_mordy/ViewController.m; sourceTree = SOURCE_ROOT; };
		AA1BCF4317CE5C2100C9A3DE /* AppDelegate.h */ = {isa = PBXFileReference; fileEncoding = 4; lastKnownFileType = sourcecode.c.h; path = AppDelegate.h; sourceTree = "<group>"; };
		AA1BCF4417CE5C2100C9A3DE /* AppDelegate.m */ = {isa = PBXFileReference; fileEncoding = 4; lastKnownFileType = sourcecode.c.objc; path = AppDelegate.m; sourceTree = "<group>"; };
		AA1BCF4517CE5C2100C9A3DE /* Default-568h@2x.png */ = {isa = PBXFileReference; lastKnownFileType = image.png; path = "Default-568h@2x.png"; sourceTree = "<group>"; };
		AA1BCF4617CE5C2100C9A3DE /* Default.png */ = {isa = PBXFileReference; lastKnownFileType = image.png; path = Default.png; sourceTree = "<group>"; };
		AA1BCF4717CE5C2100C9A3DE /* Default@2x.png */ = {isa = PBXFileReference; lastKnownFileType = image.png; path = "Default@2x.png"; sourceTree = "<group>"; };
		AA1BCF4817CE5C2100C9A3DE /* wypalacz_mordy-Info.plist */ = {isa = PBXFileReference; fileEncoding = 4; lastKnownFileType = text.plist.xml; path = "wypalacz_mordy-Info.plist"; sourceTree = "<group>"; };
		AA1BCF4917CE5C2100C9A3DE /* wypalacz_mordy-Prefix.pch */ = {isa = PBXFileReference; fileEncoding = 4; lastKnownFileType = sourcecode.c.h; path = "wypalacz_mordy-Prefix.pch"; sourceTree = "<group>"; };
		AA1BCF5217CE5E0800C9A3DE /* main.m */ = {isa = PBXFileReference; fileEncoding = 4; lastKnownFileType = sourcecode.c.objc; path = main.m; sourceTree = "<group>"; };
/* End PBXFileReference section */

/* Begin PBXFrameworksBuildPhase section */
		758B553A17CE4F9F00A0A9C8 /* Frameworks */ = {
			isa = PBXFrameworksBuildPhase;
			buildActionMask = 2147483647;
			files = (
				758B554117CE4F9F00A0A9C8 /* UIKit.framework in Frameworks */,
				758B554317CE4F9F00A0A9C8 /* Foundation.framework in Frameworks */,
				758B554517CE4F9F00A0A9C8 /* CoreGraphics.framework in Frameworks */,
			);
			runOnlyForDeploymentPostprocessing = 0;
		};
/* End PBXFrameworksBuildPhase section */

/* Begin PBXGroup section */
		758B553417CE4F9F00A0A9C8 = {
			isa = PBXGroup;
			children = (
				758B554617CE4F9F00A0A9C8 /* wypalacz_mordy */,
				758B553F17CE4F9F00A0A9C8 /* Frameworks */,
				AA1BCF4217CE5C2100C9A3DE /* SupportingFiles */,
				AA1BCF4F17CE5C7300C9A3DE /* Resources */,
				758B553E17CE4F9F00A0A9C8 /* Products */,
			);
			sourceTree = "<group>";
		};
		758B553E17CE4F9F00A0A9C8 /* Products */ = {
			isa = PBXGroup;
			children = (
				758B553D17CE4F9F00A0A9C8 /* wypalacz_mordy.app */,
			);
			name = Products;
			sourceTree = "<group>";
		};
		758B553F17CE4F9F00A0A9C8 /* Frameworks */ = {
			isa = PBXGroup;
			children = (
				758B554017CE4F9F00A0A9C8 /* UIKit.framework */,
				758B554217CE4F9F00A0A9C8 /* Foundation.framework */,
				758B554417CE4F9F00A0A9C8 /* CoreGraphics.framework */,
			);
			name = Frameworks;
			sourceTree = "<group>";
		};
		758B554617CE4F9F00A0A9C8 /* wypalacz_mordy */ = {
			isa = PBXGroup;
			children = (
				75C200FE17CE5FB7008D9E7D /* Controllers */,
				75C200FA17CE5FAC008D9E7D /* Views */,
				758B555817CE4F9F00A0A9C8 /* ViewController.h */,
				758B555917CE4F9F00A0A9C8 /* ViewController.m */,
				758B555B17CE4F9F00A0A9C8 /* ViewController.xib */,
				758B556317CE593600A0A9C8 /* SpeedUpView.h */,
				758B556417CE593600A0A9C8 /* SpeedUpView.m */,
			);
			path = wypalacz_mordy;
			sourceTree = "<group>";
		};
		75C200FA17CE5FAC008D9E7D /* Views */ = {
			isa = PBXGroup;
			children = (
				75C200FB17CE5FAC008D9E7D /* BaseView.h */,
				75C200FC17CE5FAC008D9E7D /* BaseView.m */,
			);
			path = Views;
			sourceTree = "<group>";
		};
		75C200FE17CE5FB7008D9E7D /* Controllers */ = {
			isa = PBXGroup;
			children = (
				75C2010217CE5FC2008D9E7D /* ViewController.h */,
				75C2010317CE5FC2008D9E7D /* ViewController.m */,
				75C200FF17CE5FB7008D9E7D /* BaseController.h */,
				75C2010017CE5FB7008D9E7D /* BaseController.m */,
			);
			path = Controllers;
			sourceTree = "<group>";
		};
		AA1BCF4217CE5C2100C9A3DE /* SupportingFiles */ = {
			isa = PBXGroup;
			children = (
				AA1BCF5217CE5E0800C9A3DE /* main.m */,
				AA1BCF4317CE5C2100C9A3DE /* AppDelegate.h */,
				AA1BCF4417CE5C2100C9A3DE /* AppDelegate.m */,
				AA1BCF4517CE5C2100C9A3DE /* Default-568h@2x.png */,
				AA1BCF4617CE5C2100C9A3DE /* Default.png */,
				AA1BCF4717CE5C2100C9A3DE /* Default@2x.png */,
				AA1BCF4817CE5C2100C9A3DE /* wypalacz_mordy-Info.plist */,
				AA1BCF4917CE5C2100C9A3DE /* wypalacz_mordy-Prefix.pch */,
			);
			name = SupportingFiles;
			path = wypalacz_mordy/SupportingFiles;
			sourceTree = "<group>";
		};
		AA1BCF4F17CE5C7300C9A3DE /* Resources */ = {
			isa = PBXGroup;
			children = (
				AA1BCF5017CE5C7300C9A3DE /* Fonts */,
				AA1BCF5117CE5C7300C9A3DE /* Graphics */,
			);
			name = Resources;
			path = wypalacz_mordy/Resources;
			sourceTree = "<group>";
		};
		AA1BCF5017CE5C7300C9A3DE /* Fonts */ = {
			isa = PBXGroup;
			children = (
			);
			path = Fonts;
			sourceTree = "<group>";
		};
		AA1BCF5117CE5C7300C9A3DE /* Graphics */ = {
			isa = PBXGroup;
			children = (
			);
			path = Graphics;
			sourceTree = "<group>";
		};
/* End PBXGroup section */

/* Begin PBXNativeTarget section */
		758B553C17CE4F9F00A0A9C8 /* wypalacz_mordy */ = {
			isa = PBXNativeTarget;
			buildConfigurationList = 758B556017CE4F9F00A0A9C8 /* Build configuration list for PBXNativeTarget "wypalacz_mordy" */;
			buildPhases = (
				758B553917CE4F9F00A0A9C8 /* Sources */,
				758B553A17CE4F9F00A0A9C8 /* Frameworks */,
				758B553B17CE4F9F00A0A9C8 /* Resources */,
			);
			buildRules = (
			);
			dependencies = (
			);
			name = wypalacz_mordy;
			productName = wypalacz_mordy;
			productReference = 758B553D17CE4F9F00A0A9C8 /* wypalacz_mordy.app */;
			productType = "com.apple.product-type.application";
		};
/* End PBXNativeTarget section */

/* Begin PBXProject section */
		758B553517CE4F9F00A0A9C8 /* Project object */ = {
			isa = PBXProject;
			attributes = {
				LastUpgradeCheck = 0460;
				ORGANIZATIONNAME = "Smulski&Cieciwa";
			};
			buildConfigurationList = 758B553817CE4F9F00A0A9C8 /* Build configuration list for PBXProject "wypalacz_mordy" */;
			compatibilityVersion = "Xcode 3.2";
			developmentRegion = English;
			hasScannedForEncodings = 0;
			knownRegions = (
				en,
			);
			mainGroup = 758B553417CE4F9F00A0A9C8;
			productRefGroup = 758B553E17CE4F9F00A0A9C8 /* Products */;
			projectDirPath = "";
			projectRoot = "";
			targets = (
				758B553C17CE4F9F00A0A9C8 /* wypalacz_mordy */,
			);
		};
/* End PBXProject section */

/* Begin PBXResourcesBuildPhase section */
		758B553B17CE4F9F00A0A9C8 /* Resources */ = {
			isa = PBXResourcesBuildPhase;
			buildActionMask = 2147483647;
			files = (
				758B555D17CE4F9F00A0A9C8 /* ViewController.xib in Resources */,
				AA1BCF4B17CE5C2100C9A3DE /* Default-568h@2x.png in Resources */,
				AA1BCF4C17CE5C2100C9A3DE /* Default.png in Resources */,
				AA1BCF4D17CE5C2100C9A3DE /* Default@2x.png in Resources */,
				AA1BCF4E17CE5C2100C9A3DE /* wypalacz_mordy-Info.plist in Resources */,
			);
			runOnlyForDeploymentPostprocessing = 0;
		};
/* End PBXResourcesBuildPhase section */

/* Begin PBXSourcesBuildPhase section */
		758B553917CE4F9F00A0A9C8 /* Sources */ = {
			isa = PBXSourcesBuildPhase;
			buildActionMask = 2147483647;
			files = (
				758B555A17CE4F9F00A0A9C8 /* ViewController.m in Sources */,
				758B556517CE593600A0A9C8 /* SpeedUpView.m in Sources */,
				AA1BCF4A17CE5C2100C9A3DE /* AppDelegate.m in Sources */,
				AA1BCF5317CE5E0800C9A3DE /* main.m in Sources */,
				75C200FD17CE5FAC008D9E7D /* BaseView.m in Sources */,
				75C2010117CE5FB7008D9E7D /* BaseController.m in Sources */,
				75C2010417CE5FC2008D9E7D /* ViewController.m in Sources */,
			);
			runOnlyForDeploymentPostprocessing = 0;
		};
/* End PBXSourcesBuildPhase section */

/* Begin PBXVariantGroup section */
		758B555B17CE4F9F00A0A9C8 /* ViewController.xib */ = {
			isa = PBXVariantGroup;
			children = (
				758B555C17CE4F9F00A0A9C8 /* en */,
			);
			name = ViewController.xib;
			sourceTree = "<group>";
		};
/* End PBXVariantGroup section */

/* Begin XCBuildConfiguration section */
		758B555E17CE4F9F00A0A9C8 /* Debug */ = {
			isa = XCBuildConfiguration;
			buildSettings = {
				ALWAYS_SEARCH_USER_PATHS = NO;
				CLANG_CXX_LANGUAGE_STANDARD = "gnu++0x";
				CLANG_CXX_LIBRARY = "libc++";
				CLANG_ENABLE_OBJC_ARC = YES;
				CLANG_WARN_CONSTANT_CONVERSION = YES;
				CLANG_WARN_EMPTY_BODY = YES;
				CLANG_WARN_ENUM_CONVERSION = YES;
				CLANG_WARN_INT_CONVERSION = YES;
				CLANG_WARN__DUPLICATE_METHOD_MATCH = YES;
				"CODE_SIGN_IDENTITY[sdk=iphoneos*]" = "iPhone Developer";
				COPY_PHASE_STRIP = NO;
				GCC_C_LANGUAGE_STANDARD = gnu99;
				GCC_DYNAMIC_NO_PIC = NO;
				GCC_OPTIMIZATION_LEVEL = 0;
				GCC_PREPROCESSOR_DEFINITIONS = (
					"DEBUG=1",
					"$(inherited)",
				);
				GCC_SYMBOLS_PRIVATE_EXTERN = NO;
				GCC_WARN_ABOUT_RETURN_TYPE = YES;
				GCC_WARN_UNINITIALIZED_AUTOS = YES;
				GCC_WARN_UNUSED_VARIABLE = YES;
				IPHONEOS_DEPLOYMENT_TARGET = 6.1;
				ONLY_ACTIVE_ARCH = YES;
				SDKROOT = iphoneos;
			};
			name = Debug;
		};
		758B555F17CE4F9F00A0A9C8 /* Release */ = {
			isa = XCBuildConfiguration;
			buildSettings = {
				ALWAYS_SEARCH_USER_PATHS = NO;
				CLANG_CXX_LANGUAGE_STANDARD = "gnu++0x";
				CLANG_CXX_LIBRARY = "libc++";
				CLANG_ENABLE_OBJC_ARC = YES;
				CLANG_WARN_CONSTANT_CONVERSION = YES;
				CLANG_WARN_EMPTY_BODY = YES;
				CLANG_WARN_ENUM_CONVERSION = YES;
				CLANG_WARN_INT_CONVERSION = YES;
				CLANG_WARN__DUPLICATE_METHOD_MATCH = YES;
				"CODE_SIGN_IDENTITY[sdk=iphoneos*]" = "iPhone Developer";
				COPY_PHASE_STRIP = YES;
				GCC_C_LANGUAGE_STANDARD = gnu99;
				GCC_WARN_ABOUT_RETURN_TYPE = YES;
				GCC_WARN_UNINITIALIZED_AUTOS = YES;
				GCC_WARN_UNUSED_VARIABLE = YES;
				IPHONEOS_DEPLOYMENT_TARGET = 6.1;
				OTHER_CFLAGS = "-DNS_BLOCK_ASSERTIONS=1";
				SDKROOT = iphoneos;
				VALIDATE_PRODUCT = YES;
			};
			name = Release;
		};
		758B556117CE4F9F00A0A9C8 /* Debug */ = {
			isa = XCBuildConfiguration;
			buildSettings = {
				GCC_PRECOMPILE_PREFIX_HEADER = YES;
				GCC_PREFIX_HEADER = "wypalacz_mordy/SupportingFiles/wypalacz_mordy-Prefix.pch";
				INFOPLIST_FILE = "wypalacz_mordy/SupportingFiles/wypalacz_mordy-Info.plist";
				PRODUCT_NAME = "$(TARGET_NAME)";
				WRAPPER_EXTENSION = app;
			};
			name = Debug;
		};
		758B556217CE4F9F00A0A9C8 /* Release */ = {
			isa = XCBuildConfiguration;
			buildSettings = {
				GCC_PRECOMPILE_PREFIX_HEADER = YES;
				GCC_PREFIX_HEADER = "wypalacz_mordy/SupportingFiles/wypalacz_mordy-Prefix.pch";
				INFOPLIST_FILE = "wypalacz_mordy/SupportingFiles/wypalacz_mordy-Info.plist";
				PRODUCT_NAME = "$(TARGET_NAME)";
				WRAPPER_EXTENSION = app;
			};
			name = Release;
		};
/* End XCBuildConfiguration section */

/* Begin XCConfigurationList section */
		758B553817CE4F9F00A0A9C8 /* Build configuration list for PBXProject "wypalacz_mordy" */ = {
			isa = XCConfigurationList;
			buildConfigurations = (
				758B555E17CE4F9F00A0A9C8 /* Debug */,
				758B555F17CE4F9F00A0A9C8 /* Release */,
			);
			defaultConfigurationIsVisible = 0;
			defaultConfigurationName = Release;
		};
		758B556017CE4F9F00A0A9C8 /* Build configuration list for PBXNativeTarget "wypalacz_mordy" */ = {
			isa = XCConfigurationList;
			buildConfigurations = (
				758B556117CE4F9F00A0A9C8 /* Debug */,
				758B556217CE4F9F00A0A9C8 /* Release */,
			);
			defaultConfigurationIsVisible = 0;
			defaultConfigurationName = Release;
		};
/* End XCConfigurationList section */
	};
	rootObject = 758B553517CE4F9F00A0A9C8 /* Project object */;
}
